{
    "version": 3,
    "terraform_version": "0.11.11",
    "serial": 8,
    "lineage": "5426695a-d0a5-9a93-74ff-7b55dc69b7b2",
    "modules": [
        {
            "path": [
                "root"
            ],
            "outputs": {},
            "resources": {},
            "depends_on": []
        },
        {
            "path": [
                "root",
                "rancher"
            ],
            "outputs": {
                "private_ips": {
                    "sensitive": false,
                    "type": "list",
                    "value": []
                },
                "public_ips": {
                    "sensitive": false,
                    "type": "list",
                    "value": []
                }
            },
            "resources": {
                "aws_instance.ec2-rancher.0": {
                    "type": "aws_instance",
                    "depends_on": [
                        "aws_security_group.allow_all",
                        "data.aws_subnet_ids.selected"
                    ],
                    "primary": {
                        "id": "i-030623526f3dfebf9",
                        "attributes": {
                            "ami": "ami-0ac019f4fcb7cb7e6",
                            "arn": "arn:aws:ec2:us-east-1:800121162076:instance/i-030623526f3dfebf9",
                            "associate_public_ip_address": "true",
                            "availability_zone": "us-east-1b",
                            "cpu_core_count": "2",
                            "cpu_threads_per_core": "1",
                            "credit_specification.#": "1",
                            "credit_specification.0.cpu_credits": "standard",
                            "disable_api_termination": "false",
                            "ebs_block_device.#": "0",
                            "ebs_optimized": "false",
                            "ephemeral_block_device.#": "0",
                            "get_password_data": "false",
                            "iam_instance_profile": "",
                            "id": "i-030623526f3dfebf9",
                            "instance_state": "running",
                            "instance_type": "t2.medium",
                            "ipv6_addresses.#": "0",
                            "key_name": "shant1",
                            "monitoring": "true",
                            "network_interface.#": "0",
                            "network_interface_id": "eni-0d2acc24fb3b852f2",
                            "password_data": "",
                            "placement_group": "",
                            "primary_network_interface_id": "eni-0d2acc24fb3b852f2",
                            "private_dns": "ip-172-31-2-201.ec2.internal",
                            "private_ip": "172.31.2.201",
                            "public_dns": "ec2-100-26-149-32.compute-1.amazonaws.com",
                            "public_ip": "100.26.149.32",
                            "root_block_device.#": "1",
                            "root_block_device.0.delete_on_termination": "true",
                            "root_block_device.0.iops": "100",
                            "root_block_device.0.volume_id": "vol-0715760c3281dae2e",
                            "root_block_device.0.volume_size": "8",
                            "root_block_device.0.volume_type": "gp2",
                            "security_groups.#": "1",
                            "security_groups.2200183879": "allow_all",
                            "source_dest_check": "true",
                            "subnet_id": "subnet-30cd3657",
                            "tags.%": "1",
                            "tags.Terraform": "true",
                            "tenancy": "default",
                            "volume_tags.%": "0",
                            "vpc_security_group_ids.#": "1",
                            "vpc_security_group_ids.4004557762": "sg-00ae76d15a7563ff4"
                        },
                        "meta": {
                            "e2bfb730-ecaa-11e6-8f88-34363bc7c4c0": {
                                "create": 600000000000,
                                "delete": 1200000000000,
                                "update": 600000000000
                            },
                            "schema_version": "1"
                        },
                        "tainted": false
                    },
                    "deposed": [],
                    "provider": "module.rancher.provider.aws"
                },
                "aws_instance.ec2-rancher.1": {
                    "type": "aws_instance",
                    "depends_on": [
                        "aws_security_group.allow_all",
                        "data.aws_subnet_ids.selected"
                    ],
                    "primary": {
                        "id": "i-0ddbe0baaf274cef2",
                        "attributes": {
                            "ami": "ami-0ac019f4fcb7cb7e6",
                            "arn": "arn:aws:ec2:us-east-1:800121162076:instance/i-0ddbe0baaf274cef2",
                            "associate_public_ip_address": "true",
                            "availability_zone": "us-east-1a",
                            "cpu_core_count": "2",
                            "cpu_threads_per_core": "1",
                            "credit_specification.#": "1",
                            "credit_specification.0.cpu_credits": "standard",
                            "disable_api_termination": "false",
                            "ebs_block_device.#": "0",
                            "ebs_optimized": "false",
                            "ephemeral_block_device.#": "0",
                            "get_password_data": "false",
                            "iam_instance_profile": "",
                            "id": "i-0ddbe0baaf274cef2",
                            "instance_state": "running",
                            "instance_type": "t2.medium",
                            "ipv6_addresses.#": "0",
                            "key_name": "shant1",
                            "monitoring": "true",
                            "network_interface.#": "0",
                            "network_interface_id": "eni-09ebcbbbb5b2d0e40",
                            "password_data": "",
                            "placement_group": "",
                            "primary_network_interface_id": "eni-09ebcbbbb5b2d0e40",
                            "private_dns": "ip-172-31-35-204.ec2.internal",
                            "private_ip": "172.31.35.204",
                            "public_dns": "ec2-100-24-40-38.compute-1.amazonaws.com",
                            "public_ip": "100.24.40.38",
                            "root_block_device.#": "1",
                            "root_block_device.0.delete_on_termination": "true",
                            "root_block_device.0.iops": "100",
                            "root_block_device.0.volume_id": "vol-0d7517d1589c9766f",
                            "root_block_device.0.volume_size": "8",
                            "root_block_device.0.volume_type": "gp2",
                            "security_groups.#": "1",
                            "security_groups.2200183879": "allow_all",
                            "source_dest_check": "true",
                            "subnet_id": "subnet-15c22849",
                            "tags.%": "1",
                            "tags.Terraform": "true",
                            "tenancy": "default",
                            "volume_tags.%": "0",
                            "vpc_security_group_ids.#": "1",
                            "vpc_security_group_ids.4004557762": "sg-00ae76d15a7563ff4"
                        },
                        "meta": {
                            "e2bfb730-ecaa-11e6-8f88-34363bc7c4c0": {
                                "create": 600000000000,
                                "delete": 1200000000000,
                                "update": 600000000000
                            },
                            "schema_version": "1"
                        },
                        "tainted": false
                    },
                    "deposed": [],
                    "provider": "module.rancher.provider.aws"
                },
                "aws_instance.ec2-rancher.2": {
                    "type": "aws_instance",
                    "depends_on": [
                        "aws_security_group.allow_all",
                        "data.aws_subnet_ids.selected"
                    ],
                    "primary": {
                        "id": "i-0932bd63c17fbc7ce",
                        "attributes": {
                            "ami": "ami-0ac019f4fcb7cb7e6",
                            "arn": "arn:aws:ec2:us-east-1:800121162076:instance/i-0932bd63c17fbc7ce",
                            "associate_public_ip_address": "true",
                            "availability_zone": "us-east-1b",
                            "cpu_core_count": "2",
                            "cpu_threads_per_core": "1",
                            "credit_specification.#": "1",
                            "credit_specification.0.cpu_credits": "standard",
                            "disable_api_termination": "false",
                            "ebs_block_device.#": "0",
                            "ebs_optimized": "false",
                            "ephemeral_block_device.#": "0",
                            "get_password_data": "false",
                            "iam_instance_profile": "",
                            "id": "i-0932bd63c17fbc7ce",
                            "instance_state": "running",
                            "instance_type": "t2.medium",
                            "ipv6_addresses.#": "0",
                            "key_name": "shant1",
                            "monitoring": "true",
                            "network_interface.#": "0",
                            "network_interface_id": "eni-0c1a8191b4be501b4",
                            "password_data": "",
                            "placement_group": "",
                            "primary_network_interface_id": "eni-0c1a8191b4be501b4",
                            "private_dns": "ip-172-31-0-118.ec2.internal",
                            "private_ip": "172.31.0.118",
                            "public_dns": "ec2-34-200-248-197.compute-1.amazonaws.com",
                            "public_ip": "34.200.248.197",
                            "root_block_device.#": "1",
                            "root_block_device.0.delete_on_termination": "true",
                            "root_block_device.0.iops": "100",
                            "root_block_device.0.volume_id": "vol-0ec6aa67099f7acfb",
                            "root_block_device.0.volume_size": "8",
                            "root_block_device.0.volume_type": "gp2",
                            "security_groups.#": "1",
                            "security_groups.2200183879": "allow_all",
                            "source_dest_check": "true",
                            "subnet_id": "subnet-30cd3657",
                            "tags.%": "1",
                            "tags.Terraform": "true",
                            "tenancy": "default",
                            "volume_tags.%": "0",
                            "vpc_security_group_ids.#": "1",
                            "vpc_security_group_ids.4004557762": "sg-00ae76d15a7563ff4"
                        },
                        "meta": {
                            "e2bfb730-ecaa-11e6-8f88-34363bc7c4c0": {
                                "create": 600000000000,
                                "delete": 1200000000000,
                                "update": 600000000000
                            },
                            "schema_version": "1"
                        },
                        "tainted": false
                    },
                    "deposed": [],
                    "provider": "module.rancher.provider.aws"
                },
                "aws_instance.ec2-rancher.3": {
                    "type": "aws_instance",
                    "depends_on": [
                        "aws_security_group.allow_all",
                        "data.aws_subnet_ids.selected"
                    ],
                    "primary": {
                        "id": "i-01f15e8c9855419f2",
                        "attributes": {
                            "ami": "ami-0ac019f4fcb7cb7e6",
                            "arn": "arn:aws:ec2:us-east-1:800121162076:instance/i-01f15e8c9855419f2",
                            "associate_public_ip_address": "true",
                            "availability_zone": "us-east-1a",
                            "cpu_core_count": "2",
                            "cpu_threads_per_core": "1",
                            "credit_specification.#": "1",
                            "credit_specification.0.cpu_credits": "standard",
                            "disable_api_termination": "false",
                            "ebs_block_device.#": "0",
                            "ebs_optimized": "false",
                            "ephemeral_block_device.#": "0",
                            "get_password_data": "false",
                            "iam_instance_profile": "",
                            "id": "i-01f15e8c9855419f2",
                            "instance_state": "running",
                            "instance_type": "t2.medium",
                            "ipv6_addresses.#": "0",
                            "key_name": "shant1",
                            "monitoring": "true",
                            "network_interface.#": "0",
                            "network_interface_id": "eni-059ae2785726142df",
                            "password_data": "",
                            "placement_group": "",
                            "primary_network_interface_id": "eni-059ae2785726142df",
                            "private_dns": "ip-172-31-43-234.ec2.internal",
                            "private_ip": "172.31.43.234",
                            "public_dns": "ec2-3-81-159-228.compute-1.amazonaws.com",
                            "public_ip": "3.81.159.228",
                            "root_block_device.#": "1",
                            "root_block_device.0.delete_on_termination": "true",
                            "root_block_device.0.iops": "100",
                            "root_block_device.0.volume_id": "vol-0ccc8569c4a4e0183",
                            "root_block_device.0.volume_size": "8",
                            "root_block_device.0.volume_type": "gp2",
                            "security_groups.#": "1",
                            "security_groups.2200183879": "allow_all",
                            "source_dest_check": "true",
                            "subnet_id": "subnet-15c22849",
                            "tags.%": "1",
                            "tags.Terraform": "true",
                            "tenancy": "default",
                            "volume_tags.%": "0",
                            "vpc_security_group_ids.#": "1",
                            "vpc_security_group_ids.4004557762": "sg-00ae76d15a7563ff4"
                        },
                        "meta": {
                            "e2bfb730-ecaa-11e6-8f88-34363bc7c4c0": {
                                "create": 600000000000,
                                "delete": 1200000000000,
                                "update": 600000000000
                            },
                            "schema_version": "1"
                        },
                        "tainted": false
                    },
                    "deposed": [],
                    "provider": "module.rancher.provider.aws"
                },
                "aws_security_group.allow_all": {
                    "type": "aws_security_group",
                    "depends_on": [],
                    "primary": {
                        "id": "sg-00ae76d15a7563ff4",
                        "attributes": {
                            "arn": "arn:aws:ec2:us-east-1:800121162076:security-group/sg-00ae76d15a7563ff4",
                            "description": "Allow all inbound traffic",
                            "egress.#": "1",
                            "egress.482069346.cidr_blocks.#": "1",
                            "egress.482069346.cidr_blocks.0": "0.0.0.0/0",
                            "egress.482069346.description": "",
                            "egress.482069346.from_port": "0",
                            "egress.482069346.ipv6_cidr_blocks.#": "0",
                            "egress.482069346.prefix_list_ids.#": "0",
                            "egress.482069346.protocol": "-1",
                            "egress.482069346.security_groups.#": "0",
                            "egress.482069346.self": "false",
                            "egress.482069346.to_port": "0",
                            "id": "sg-00ae76d15a7563ff4",
                            "ingress.#": "1",
                            "ingress.482069346.cidr_blocks.#": "1",
                            "ingress.482069346.cidr_blocks.0": "0.0.0.0/0",
                            "ingress.482069346.description": "",
                            "ingress.482069346.from_port": "0",
                            "ingress.482069346.ipv6_cidr_blocks.#": "0",
                            "ingress.482069346.prefix_list_ids.#": "0",
                            "ingress.482069346.protocol": "-1",
                            "ingress.482069346.security_groups.#": "0",
                            "ingress.482069346.self": "false",
                            "ingress.482069346.to_port": "0",
                            "name": "allow_all",
                            "owner_id": "800121162076",
                            "revoke_rules_on_delete": "false",
                            "tags.%": "0",
                            "vpc_id": "vpc-505b032b"
                        },
                        "meta": {
                            "e2bfb730-ecaa-11e6-8f88-34363bc7c4c0": {
                                "create": 600000000000,
                                "delete": 600000000000
                            },
                            "schema_version": "1"
                        },
                        "tainted": false
                    },
                    "deposed": [],
                    "provider": "module.rancher.provider.aws"
                },
                "data.aws_subnet_ids.selected": {
                    "type": "aws_subnet_ids",
                    "depends_on": [],
                    "primary": {
                        "id": "vpc-505b032b",
                        "attributes": {
                            "id": "vpc-505b032b",
                            "ids.#": "2",
                            "ids.3735385228": "subnet-15c22849",
                            "ids.896151572": "subnet-30cd3657",
                            "tags.%": "1",
                            "tags.Tier": "Private",
                            "vpc_id": "vpc-505b032b"
                        },
                        "meta": {},
                        "tainted": false
                    },
                    "deposed": [],
                    "provider": "module.rancher.provider.aws"
                }
            },
            "depends_on": []
        }
    ]
}
