{
    "version": 3,
    "terraform_version": "0.11.11",
    "serial": 16,
    "lineage": "5426695a-d0a5-9a93-74ff-7b55dc69b7b2",
    "modules": [
        {
            "path": [
                "root"
            ],
            "outputs": {},
            "resources": {},
            "depends_on": []
        },
        {
            "path": [
                "root",
                "rancher"
            ],
            "outputs": {
                "private_ips": {
                    "sensitive": false,
                    "type": "list",
                    "value": []
                },
                "public_ips": {
                    "sensitive": false,
                    "type": "list",
                    "value": []
                }
            },
            "resources": {
                "aws_instance.ec2-rancher.0": {
                    "type": "aws_instance",
                    "depends_on": [
                        "aws_security_group.allow_all",
                        "data.aws_subnet_ids.selected"
                    ],
                    "primary": {
                        "id": "i-0397c0bf64b77b578",
                        "attributes": {
                            "ami": "ami-0ac019f4fcb7cb7e6",
                            "arn": "arn:aws:ec2:us-east-1:800121162076:instance/i-0397c0bf64b77b578",
                            "associate_public_ip_address": "true",
                            "availability_zone": "us-east-1b",
                            "cpu_core_count": "2",
                            "cpu_threads_per_core": "1",
                            "credit_specification.#": "1",
                            "credit_specification.0.cpu_credits": "standard",
                            "disable_api_termination": "false",
                            "ebs_block_device.#": "0",
                            "ebs_optimized": "false",
                            "ephemeral_block_device.#": "0",
                            "get_password_data": "false",
                            "iam_instance_profile": "",
                            "id": "i-0397c0bf64b77b578",
                            "instance_state": "running",
                            "instance_type": "t2.medium",
                            "ipv6_addresses.#": "0",
                            "key_name": "shant1",
                            "monitoring": "true",
                            "network_interface.#": "0",
                            "network_interface_id": "eni-0263b6103a4679612",
                            "password_data": "",
                            "placement_group": "",
                            "primary_network_interface_id": "eni-0263b6103a4679612",
                            "private_dns": "ip-172-31-2-9.ec2.internal",
                            "private_ip": "172.31.2.9",
                            "public_dns": "ec2-35-175-111-240.compute-1.amazonaws.com",
                            "public_ip": "35.175.111.240",
                            "root_block_device.#": "1",
                            "root_block_device.0.delete_on_termination": "true",
                            "root_block_device.0.iops": "100",
                            "root_block_device.0.volume_id": "vol-0b729e77d48d6d6fc",
                            "root_block_device.0.volume_size": "8",
                            "root_block_device.0.volume_type": "gp2",
                            "security_groups.#": "1",
                            "security_groups.2200183879": "allow_all",
                            "source_dest_check": "true",
                            "subnet_id": "subnet-30cd3657",
                            "tags.%": "1",
                            "tags.Terraform": "true",
                            "tenancy": "default",
                            "volume_tags.%": "0",
                            "vpc_security_group_ids.#": "1",
                            "vpc_security_group_ids.1136339354": "sg-093b149acabeaab08"
                        },
                        "meta": {
                            "e2bfb730-ecaa-11e6-8f88-34363bc7c4c0": {
                                "create": 600000000000,
                                "delete": 1200000000000,
                                "update": 600000000000
                            },
                            "schema_version": "1"
                        },
                        "tainted": false
                    },
                    "deposed": [],
                    "provider": "module.rancher.provider.aws"
                },
                "aws_instance.ec2-rancher.1": {
                    "type": "aws_instance",
                    "depends_on": [
                        "aws_security_group.allow_all",
                        "data.aws_subnet_ids.selected"
                    ],
                    "primary": {
                        "id": "i-020087a1ac4d085c9",
                        "attributes": {
                            "ami": "ami-0ac019f4fcb7cb7e6",
                            "arn": "arn:aws:ec2:us-east-1:800121162076:instance/i-020087a1ac4d085c9",
                            "associate_public_ip_address": "true",
                            "availability_zone": "us-east-1a",
                            "cpu_core_count": "2",
                            "cpu_threads_per_core": "1",
                            "credit_specification.#": "1",
                            "credit_specification.0.cpu_credits": "standard",
                            "disable_api_termination": "false",
                            "ebs_block_device.#": "0",
                            "ebs_optimized": "false",
                            "ephemeral_block_device.#": "0",
                            "get_password_data": "false",
                            "iam_instance_profile": "",
                            "id": "i-020087a1ac4d085c9",
                            "instance_state": "running",
                            "instance_type": "t2.medium",
                            "ipv6_addresses.#": "0",
                            "key_name": "shant1",
                            "monitoring": "true",
                            "network_interface.#": "0",
                            "network_interface_id": "eni-026037d8c2e6ea290",
                            "password_data": "",
                            "placement_group": "",
                            "primary_network_interface_id": "eni-026037d8c2e6ea290",
                            "private_dns": "ip-172-31-36-182.ec2.internal",
                            "private_ip": "172.31.36.182",
                            "public_dns": "ec2-3-85-113-234.compute-1.amazonaws.com",
                            "public_ip": "3.85.113.234",
                            "root_block_device.#": "1",
                            "root_block_device.0.delete_on_termination": "true",
                            "root_block_device.0.iops": "100",
                            "root_block_device.0.volume_id": "vol-0efa58de8fe4e0804",
                            "root_block_device.0.volume_size": "8",
                            "root_block_device.0.volume_type": "gp2",
                            "security_groups.#": "1",
                            "security_groups.2200183879": "allow_all",
                            "source_dest_check": "true",
                            "subnet_id": "subnet-15c22849",
                            "tags.%": "1",
                            "tags.Terraform": "true",
                            "tenancy": "default",
                            "volume_tags.%": "0",
                            "vpc_security_group_ids.#": "1",
                            "vpc_security_group_ids.1136339354": "sg-093b149acabeaab08"
                        },
                        "meta": {
                            "e2bfb730-ecaa-11e6-8f88-34363bc7c4c0": {
                                "create": 600000000000,
                                "delete": 1200000000000,
                                "update": 600000000000
                            },
                            "schema_version": "1"
                        },
                        "tainted": false
                    },
                    "deposed": [],
                    "provider": "module.rancher.provider.aws"
                },
                "aws_lb_target_group.tg-http": {
                    "type": "aws_lb_target_group",
                    "depends_on": [],
                    "primary": {
                        "id": "arn:aws:elasticloadbalancing:us-east-1:800121162076:targetgroup/tg-http/dfb1c76ed748cb7a",
                        "attributes": {
                            "arn": "arn:aws:elasticloadbalancing:us-east-1:800121162076:targetgroup/tg-http/dfb1c76ed748cb7a",
                            "arn_suffix": "targetgroup/tg-http/dfb1c76ed748cb7a",
                            "deregistration_delay": "300",
                            "health_check.#": "1",
                            "health_check.0.healthy_threshold": "2",
                            "health_check.0.interval": "30",
                            "health_check.0.matcher": "200-399",
                            "health_check.0.path": "/healthz",
                            "health_check.0.port": "traffic-port",
                            "health_check.0.protocol": "HTTP",
                            "health_check.0.timeout": "6",
                            "health_check.0.unhealthy_threshold": "2",
                            "id": "arn:aws:elasticloadbalancing:us-east-1:800121162076:targetgroup/tg-http/dfb1c76ed748cb7a",
                            "name": "tg-http",
                            "port": "80",
                            "protocol": "TCP",
                            "proxy_protocol_v2": "false",
                            "slow_start": "0",
                            "stickiness.#": "0",
                            "tags.%": "0",
                            "target_type": "instance",
                            "vpc_id": "vpc-505b032b"
                        },
                        "meta": {},
                        "tainted": false
                    },
                    "deposed": [],
                    "provider": "module.rancher.provider.aws"
                },
                "aws_lb_target_group.tg-https": {
                    "type": "aws_lb_target_group",
                    "depends_on": [],
                    "primary": {
                        "id": "arn:aws:elasticloadbalancing:us-east-1:800121162076:targetgroup/tg-https/37e41cc798fa3b33",
                        "attributes": {
                            "arn": "arn:aws:elasticloadbalancing:us-east-1:800121162076:targetgroup/tg-https/37e41cc798fa3b33",
                            "arn_suffix": "targetgroup/tg-https/37e41cc798fa3b33",
                            "deregistration_delay": "300",
                            "health_check.#": "1",
                            "health_check.0.healthy_threshold": "2",
                            "health_check.0.interval": "30",
                            "health_check.0.matcher": "200-399",
                            "health_check.0.path": "/healthz",
                            "health_check.0.port": "traffic-port",
                            "health_check.0.protocol": "HTTP",
                            "health_check.0.timeout": "6",
                            "health_check.0.unhealthy_threshold": "2",
                            "id": "arn:aws:elasticloadbalancing:us-east-1:800121162076:targetgroup/tg-https/37e41cc798fa3b33",
                            "name": "tg-https",
                            "port": "443",
                            "protocol": "TCP",
                            "proxy_protocol_v2": "false",
                            "slow_start": "0",
                            "stickiness.#": "0",
                            "tags.%": "0",
                            "target_type": "instance",
                            "vpc_id": "vpc-505b032b"
                        },
                        "meta": {},
                        "tainted": false
                    },
                    "deposed": [],
                    "provider": "module.rancher.provider.aws"
                },
                "aws_security_group.allow_all": {
                    "type": "aws_security_group",
                    "depends_on": [],
                    "primary": {
                        "id": "sg-093b149acabeaab08",
                        "attributes": {
                            "arn": "arn:aws:ec2:us-east-1:800121162076:security-group/sg-093b149acabeaab08",
                            "description": "Allow all inbound traffic",
                            "egress.#": "1",
                            "egress.482069346.cidr_blocks.#": "1",
                            "egress.482069346.cidr_blocks.0": "0.0.0.0/0",
                            "egress.482069346.description": "",
                            "egress.482069346.from_port": "0",
                            "egress.482069346.ipv6_cidr_blocks.#": "0",
                            "egress.482069346.prefix_list_ids.#": "0",
                            "egress.482069346.protocol": "-1",
                            "egress.482069346.security_groups.#": "0",
                            "egress.482069346.self": "false",
                            "egress.482069346.to_port": "0",
                            "id": "sg-093b149acabeaab08",
                            "ingress.#": "1",
                            "ingress.482069346.cidr_blocks.#": "1",
                            "ingress.482069346.cidr_blocks.0": "0.0.0.0/0",
                            "ingress.482069346.description": "",
                            "ingress.482069346.from_port": "0",
                            "ingress.482069346.ipv6_cidr_blocks.#": "0",
                            "ingress.482069346.prefix_list_ids.#": "0",
                            "ingress.482069346.protocol": "-1",
                            "ingress.482069346.security_groups.#": "0",
                            "ingress.482069346.self": "false",
                            "ingress.482069346.to_port": "0",
                            "name": "allow_all",
                            "owner_id": "800121162076",
                            "revoke_rules_on_delete": "false",
                            "tags.%": "0",
                            "vpc_id": "vpc-505b032b"
                        },
                        "meta": {
                            "e2bfb730-ecaa-11e6-8f88-34363bc7c4c0": {
                                "create": 600000000000,
                                "delete": 600000000000
                            },
                            "schema_version": "1"
                        },
                        "tainted": false
                    },
                    "deposed": [],
                    "provider": "module.rancher.provider.aws"
                },
                "data.aws_subnet_ids.selected": {
                    "type": "aws_subnet_ids",
                    "depends_on": [],
                    "primary": {
                        "id": "vpc-505b032b",
                        "attributes": {
                            "id": "vpc-505b032b",
                            "ids.#": "2",
                            "ids.3735385228": "subnet-15c22849",
                            "ids.896151572": "subnet-30cd3657",
                            "tags.%": "1",
                            "tags.Tier": "Private",
                            "vpc_id": "vpc-505b032b"
                        },
                        "meta": {},
                        "tainted": false
                    },
                    "deposed": [],
                    "provider": "module.rancher.provider.aws"
                }
            },
            "depends_on": []
        }
    ]
}
